# THIS IS AN AUTOGENERATED FILE. DO NOT EDIT THIS FILE DIRECTLY.
# yarn lockfile v1


json-beautify@^1.1.1:
  version "1.1.1"
  resolved "https://registry.yarnpkg.com/json-beautify/-/json-beautify-1.1.1.tgz#8a1ed511ad5d52ca63ed29f7c61896c6a6ebbb9f"
  integrity sha512-17j+Hk2lado0xqKtUcyAjK0AtoHnPSIgktWRsEXgdFQFG9UnaGw6CHa0J7xsvulxRpFl6CrkDFHght1p5ZJc4A==
